git.sr.ht/~jackmordaunt/go-toast v1.1.2 h1:/yrfI55LRt1M7H1vkaw+NaH1+L1CDxrqDltwm5euVuE=
git.sr.ht/~jackmordaunt/go-toast v1.1.2/go.mod h1:jA4OqHKTQ4AFBdwrSnwnskUIIS3HYzlJSgdzCKqfavo=
github.com/codeGROOVE-dev/fido v1.10.0 h1:i4Wb6LDd5nD/4Fnp47KAVUVhG1O1mN5jSRbCYPpBYjw=
github.com/codeGROOVE-dev/fido v1.10.0/go.mod h1:/mqfMeKCTYTGt/Y0cWm6gh8gYBKG1w8xBsTDmu+A/pU=
github.com/codeGROOVE-dev/fido/pkg/store/compress v1.10.0 h1:W3AYtR6eyPHQ8QhTsuqjNZYWk/Fev0cJiAiuw04uhlk=
github.com/codeGROOVE-dev/fido/pkg/store/compress v1.10.0/go.mod h1:0hFYQ8Y6jfrYuJb8eBimYz66tg7DDuVWbZqaI944LQM=
github.com/codeGROOVE-dev/fido/pkg/store/localfs v1.10.0 h1:oaPwuHHBuzhsWnPm7UCxgwjz7+jG3O0JenSSgPSwqv8=
github.com/codeGROOVE-dev/fido/pkg/store/localfs v1.10.0/go.mod h1:zUGzODSWykosAod0IHycxdxUOMcd2eVqd6eUdOsU73E=
github.com/codeGROOVE-dev/prx v0.0.0-20260106161606-c98f36600fa9 h1:sAfFmbmeZVM15XkhIIUEosyO3kfcTmwAnH9b/YDqe2E=
github.com/codeGROOVE-dev/prx v0.0.0-20260106161606-c98f36600fa9/go.mod h1:pAsjPLE2zHbj5mcM9CGa5AIxpxcjklSJvLbK5yQY7UM=
github.com/codeGROOVE-dev/retry v1.3.1 h1:BAkfDzs6FssxLCGWGgM97bb+6/8GTa40Cs147vXkJOg=
github.com/codeGROOVE-dev/retry v1.3.1/go.mod h1:+b3huqYGY1+ZJyuCmR8nBVLjd3WJ7qAFss+sI4s6FSc=
github.com/codeGROOVE-dev/sprinkler v0.0.0-20251113030909-5962af625370 h1:uYXBDnaRRf4q6X/IWOm6O/cOj57tVkpjfVvwn+SfHp0=
github.com/codeGROOVE-dev/sprinkler v0.0.0-20251113030909-5962af625370/go.mod h1:sOvKRad1kRPAOIUm7spNR3aeVQjtk9VoS8uo6NL4kus=
github.com/codeGROOVE-dev/turnclient v0.0.0-20251210023051-bbb7e1943ebd h1:Baps/A2EaaMlZlTseAO9/ig0oWFmqUGLtNRJm9bEDXA=
github.com/codeGROOVE-dev/turnclient v0.0.0-20251210023051-bbb7e1943ebd/go.mod h1:B2rJBMHZ+rI7v629vSF2rYb669OUY+/5tGeWdUSI65A=
github.com/davecgh/go-spew v1.1.0/go.mod h1:J7Y8YcW2NihsgmVo/mv3lAwl/skON4iLHjSsI+c5H38=
github.com/davecgh/go-spew v1.1.1 h1:vj9j/u1bqnvCEfJOwUhtlOARqs3+rkHYY13jYWTU97c=
github.com/davecgh/go-spew v1.1.1/go.mod h1:J7Y8YcW2NihsgmVo/mv3lAwl/skON4iLHjSsI+c5H38=
github.com/energye/systray v1.0.2 h1:63R4prQkANtpM2CIA4UrDCuwZFt+FiygG77JYCsNmXc=
github.com/energye/systray v1.0.2/go.mod h1:sp7Q/q/I4/w5ebvpSuJVep71s9Bg7L9ZVp69gBASehM=
github.com/esiqveland/notify v0.13.3 h1:QCMw6o1n+6rl+oLUfg8P1IIDSFsDEb2WlXvVvIJbI/o=
github.com/esiqveland/notify v0.13.3/go.mod h1:hesw/IRYTO0x99u1JPweAl4+5mwXJibQVUcP0Iu5ORE=
github.com/gen2brain/beeep v0.11.2 h1:+KfiKQBbQCuhfJFPANZuJ+oxsSKAYNe88hIpJuyKWDA=
github.com/gen2brain/beeep v0.11.2/go.mod h1:jQVvuwnLuwOcdctHn/uyh8horSBNJ8uGb9Cn2W4tvoc=
github.com/go-ole/go-ole v1.3.0 h1:Dt6ye7+vXGIKZ7Xtk4s6/xVdGDQynvom7xCFEdWr6uE=
github.com/go-ole/go-ole v1.3.0/go.mod h1:5LS6F96DhAwUc7C+1HLexzMXY1xGRSryjyPPKW6zv78=
github.com/godbus/dbus/v5 v5.0.4/go.mod h1:xhWf0FNVPg57R7Z0UbKHbJfkEywrmjJnf7w5xrFpKfA=
github.com/godbus/dbus/v5 v5.1.0/go.mod h1:xhWf0FNVPg57R7Z0UbKHbJfkEywrmjJnf7w5xrFpKfA=
github.com/godbus/dbus/v5 v5.2.2 h1:TUR3TgtSVDmjiXOgAAyaZbYmIeP3DPkld3jgKGV8mXQ=
github.com/godbus/dbus/v5 v5.2.2/go.mod h1:3AAv2+hPq5rdnr5txxxRwiGjPXamgoIHgz9FPBfOp3c=
github.com/google/go-cmp v0.6.0 h1:ofyhxvXcZhMsU5ulbFiLKl/XBFqE1GSq7atu8tAmTRI=
github.com/google/go-cmp v0.6.0/go.mod h1:17dUlkBOakJ0+DkrSSNjCkIjxS6bF9zb3elmeNGIjoY=
github.com/google/go-github/v57 v57.0.0 h1:L+Y3UPTY8ALM8x+TV0lg+IEBI+upibemtBD8Q9u7zHs=
github.com/google/go-github/v57 v57.0.0/go.mod h1:s0omdnye0hvK/ecLvpsGfJMiRt85PimQh4oygmLIxHw=
github.com/google/go-querystring v1.2.0 h1:yhqkPbu2/OH+V9BfpCVPZkNmUXhb2gBxJArfhIxNtP0=
github.com/google/go-querystring v1.2.0/go.mod h1:8IFJqpSRITyJ8QhQ13bmbeMBDfmeEJZD5A0egEOmkqU=
github.com/jackmordaunt/icns/v3 v3.0.1 h1:xxot6aNuGrU+lNgxz5I5H0qSeCjNKp8uTXB1j8D4S3o=
github.com/jackmordaunt/icns/v3 v3.0.1/go.mod h1:5sHL59nqTd2ynTnowxB/MDQFhKNqkK8X687uKNygaSQ=
github.com/klauspost/compress v1.18.2 h1:iiPHWW0YrcFgpBYhsA6D1+fqHssJscY/Tm/y2Uqnapk=
github.com/klauspost/compress v1.18.2/go.mod h1:R0h/fSBs8DE4ENlcrlib3PsXS61voFxhIs2DeRhCvJ4=
github.com/nfnt/resize v0.0.0-20180221191011-83c6a9932646 h1:zYyBkD/k9seD2A7fsi6Oo2LfFZAehjjQMERAvZLEDnQ=
github.com/nfnt/resize v0.0.0-20180221191011-83c6a9932646/go.mod h1:jpp1/29i3P1S/RLdc7JQKbRpFeM1dOBd8T9ki5s+AY8=
github.com/pierrec/lz4/v4 v4.1.22 h1:cKFw6uJDK+/gfw5BcDL0JL5aBsAFdsIT18eRtLj7VIU=
github.com/pierrec/lz4/v4 v4.1.22/go.mod h1:gZWDp/Ze/IJXGXf23ltt2EXimqmTUXEy0GFuRQyBid4=
github.com/pmezard/go-difflib v1.0.0 h1:4DBwDE0NGyQoBHbLQYPwSUPoCMWR5BEzIk/f1lZbAQM=
github.com/pmezard/go-difflib v1.0.0/go.mod h1:iKH77koFhYxTK1pcRnkKkqfTogsbg7gZNVY4sRDYZ/4=
github.com/puzpuzpuz/xsync/v4 v4.2.0 h1:dlxm77dZj2c3rxq0/XNvvUKISAmovoXF4a4qM6Wvkr0=
github.com/puzpuzpuz/xsync/v4 v4.2.0/go.mod h1:VJDmTCJMBt8igNxnkQd86r+8KUeN1quSfNKu5bLYFQo=
github.com/sergeymakinen/go-bmp v1.0.0 h1:SdGTzp9WvCV0A1V0mBeaS7kQAwNLdVJbmHlqNWq0R+M=
github.com/sergeymakinen/go-bmp v1.0.0/go.mod h1:/mxlAQZRLxSvJFNIEGGLBE/m40f3ZnUifpgVDlcUIEY=
github.com/sergeymakinen/go-ico v1.0.0 h1:uL3khgvKkY6WfAetA+RqsguClBuu7HpvBB/nq/Jvr80=
github.com/sergeymakinen/go-ico v1.0.0/go.mod h1:wQ47mTczswBO5F0NoDt7O0IXgnV4Xy3ojrroMQzyhUk=
github.com/stretchr/objx v0.1.0/go.mod h1:HFkY916IF+rwdDfMAkV7OtwuqBVzrE8GR6GFx+wExME=
github.com/stretchr/objx v0.4.0/go.mod h1:YvHI0jy2hoMjB+UWwv71VJQ9isScKT/TqJzVSSt89Yw=
github.com/stretchr/objx v0.5.0/go.mod h1:Yh+to48EsGEfYuaHDzXPcE3xhTkx73EhmCGUpEOglKo=
github.com/stretchr/testify v1.7.1/go.mod h1:6Fq8oRcR53rry900zMqJjRRixrwX3KX962/h/Wwjteg=
github.com/stretchr/testify v1.8.0/go.mod h1:yNjHg4UonilssWZ8iaSj1OCr/vHnekPRkoO+kdMU+MU=
github.com/stretchr/testify v1.8.4 h1:CcVxjf3Q8PM0mHUKJCdn+eZZtm5yQwehR5yeSVQQcUk=
github.com/stretchr/testify v1.8.4/go.mod h1:sz/lmYIOXD/1dqDmKjjqLyZ2RngseejIcXlSw2iwfAo=
github.com/tadvi/systray v0.0.0-20190226123456-11a2b8fa57af h1:6yITBqGTE2lEeTPG04SN9W+iWHCRyHqlVYILiSXziwk=
github.com/tadvi/systray v0.0.0-20190226123456-11a2b8fa57af/go.mod h1:4F09kP5F+am0jAwlQLddpoMDM+iewkxxt6nxUQ5nq5o=
github.com/tevino/abool v0.0.0-20220530134649-2bfc934cb23c h1:coVla7zpsycc+kA9NXpcvv2E4I7+ii6L5hZO2S6C3kw=
github.com/tevino/abool v0.0.0-20220530134649-2bfc934cb23c/go.mod h1:qc66Pna1RiIsPa7O4Egxxs9OqkuxDX55zznh9K07Tzg=
golang.org/x/image v0.34.0 h1:33gCkyw9hmwbZJeZkct8XyR11yH889EQt/QH4VmXMn8=
golang.org/x/image v0.34.0/go.mod h1:2RNFBZRB+vnwwFil8GkMdRvrJOFd1AzdZI6vOY+eJVU=
golang.org/x/net v0.48.0 h1:zyQRTTrjc33Lhh0fBgT/H3oZq9WuvRR5gPC70xpDiQU=
golang.org/x/net v0.48.0/go.mod h1:+ndRgGjkh8FGtu1w1FGbEC31if4VrNVMuKTgcAAnQRY=
golang.org/x/oauth2 v0.34.0 h1:hqK/t4AKgbqWkdkcAeI8XLmbK+4m4G5YeQRrmiotGlw=
golang.org/x/oauth2 v0.34.0/go.mod h1:lzm5WQJQwKZ3nwavOZ3IS5Aulzxi68dUSgRHujetwEA=
golang.org/x/sys v0.0.0-20200515095857-1151b9dac4a9/go.mod h1:h1NjWce9XRLGQEsW7wpKNCjG9DtNlClVuFLEZdDNbEs=
golang.org/x/sys v0.1.0/go.mod h1:oPkhp1MJrh7nUepCBck5+mAzfO9JrbApNNgaTdGDITg=
golang.org/x/sys v0.39.0 h1:CvCKL8MeisomCi6qNZ+wbb0DN9E5AATixKsvNtMoMFk=
golang.org/x/sys v0.39.0/go.mod h1:OgkHotnGiDImocRcuBABYBEXf8A9a87e/uXjp9XT3ks=
golang.org/x/text v0.32.0 h1:ZD01bjUt1FQ9WJ0ClOL5vxgxOI/sVCNgX1YtKwcY0mU=
golang.org/x/text v0.32.0/go.mod h1:o/rUWzghvpD5TXrTIBuJU77MTaN0ljMWE47kxGJQ7jY=
gopkg.in/check.v1 v0.0.0-20161208181325-20d25e280405/go.mod h1:Co6ibVJAznAaIkqp8huTwlJQCZ016jof/cbN4VW5Yz0=
gopkg.in/yaml.v3 v3.0.0-20200313102051-9f266ea9e77c/go.mod h1:K4uyk7z7BCEPqu6E+C64Yfv1cQ7kz7rIZviUmN+EgEM=
gopkg.in/yaml.v3 v3.0.1 h1:fxVm/GzAzEWqLHuvctI91KS9hhNmmWOoWu0XTYJS7CA=
gopkg.in/yaml.v3 v3.0.1/go.mod h1:K4uyk7z7BCEPqu6E+C64Yfv1cQ7kz7rIZviUmN+EgEM=
